
Microsoft Visual Studio Solution File, Format Version 12.00
# Visual Studio Version 16
VisualStudioVersion = 16.0.29411.108
MinimumVisualStudioVersion = 10.0.40219.1
Project("{FAE04EC0-301F-11D3-BF4B-00C04F79EFBC}") = "ContactManagementSystem", "ContactManagementSystem\ContactManagementSystem.csproj", "{B5393342-C4BB-4793-87C9-D94888F85139}"
EndProject
Project("{FAE04EC0-301F-11D3-BF4B-00C04F79EFBC}") = "ContactManagementSystemModel", "ContactManagementSystemModel\ContactManagementSystemModel.csproj", "{1819FB75-AECD-4D1B-B7DF-9F1F79A9B8C5}"
EndProject
Project("{FAE04EC0-301F-11D3-BF4B-00C04F79EFBC}") = "ContactManagementSystemBl", "ContactManagementSystemBl\ContactManagementSystemBl.csproj", "{BAF6B2A0-646F-47B4-AF9F-AF2111A05ABB}"
EndProject
Project("{FAE04EC0-301F-11D3-BF4B-00C04F79EFBC}") = "ContactManagementSystemDal", "ContactManagementSystemDal\ContactManagementSystemDal.csproj", "{F71432DB-A207-47A7-BD46-66BF1BC02834}"
EndProject
Global
	GlobalSection(SolutionConfigurationPlatforms) = preSolution
		Debug|Any CPU = Debug|Any CPU
		Release|Any CPU = Release|Any CPU
	EndGlobalSection
	GlobalSection(ProjectConfigurationPlatforms) = postSolution
		{B5393342-C4BB-4793-87C9-D94888F85139}.Debug|Any CPU.ActiveCfg = Debug|Any CPU
		{B5393342-C4BB-4793-87C9-D94888F85139}.Debug|Any CPU.Build.0 = Debug|Any CPU
		{B5393342-C4BB-4793-87C9-D94888F85139}.Release|Any CPU.ActiveCfg = Release|Any CPU
		{B5393342-C4BB-4793-87C9-D94888F85139}.Release|Any CPU.Build.0 = Release|Any CPU
		{1819FB75-AECD-4D1B-B7DF-9F1F79A9B8C5}.Debug|Any CPU.ActiveCfg = Debug|Any CPU
		{1819FB75-AECD-4D1B-B7DF-9F1F79A9B8C5}.Debug|Any CPU.Build.0 = Debug|Any CPU
		{1819FB75-AECD-4D1B-B7DF-9F1F79A9B8C5}.Release|Any CPU.ActiveCfg = Release|Any CPU
		{1819FB75-AECD-4D1B-B7DF-9F1F79A9B8C5}.Release|Any CPU.Build.0 = Release|Any CPU
		{BAF6B2A0-646F-47B4-AF9F-AF2111A05ABB}.Debug|Any CPU.ActiveCfg = Debug|Any CPU
		{BAF6B2A0-646F-47B4-AF9F-AF2111A05ABB}.Debug|Any CPU.Build.0 = Debug|Any CPU
		{BAF6B2A0-646F-47B4-AF9F-AF2111A05ABB}.Release|Any CPU.ActiveCfg = Release|Any CPU
		{BAF6B2A0-646F-47B4-AF9F-AF2111A05ABB}.Release|Any CPU.Build.0 = Release|Any CPU
		{F71432DB-A207-47A7-BD46-66BF1BC02834}.Debug|Any CPU.ActiveCfg = Debug|Any CPU
		{F71432DB-A207-47A7-BD46-66BF1BC02834}.Debug|Any CPU.Build.0 = Debug|Any CPU
		{F71432DB-A207-47A7-BD46-66BF1BC02834}.Release|Any CPU.ActiveCfg = Release|Any CPU
		{F71432DB-A207-47A7-BD46-66BF1BC02834}.Release|Any CPU.Build.0 = Release|Any CPU
	EndGlobalSection
	GlobalSection(SolutionProperties) = preSolution
		HideSolutionNode = FALSE
	EndGlobalSection
	GlobalSection(ExtensibilityGlobals) = postSolution
		SolutionGuid = {D337F456-D0BA-46BF-9105-324CB8959857}
	EndGlobalSection
EndGlobal
